// !$*UTF8*$!
{
	archiveVersion = 1;
	classes = {
	};
	objectVersion = 56;
	objects = {

/* Begin PBXBuildFile section */
		90091DF82BDD08EB00A92E00 /* SleepsListViewModel.swift in Sources */ = {isa = PBXBuildFile; fileRef = 90091DF72BDD08EB00A92E00 /* SleepsListViewModel.swift */; };
		90091DFB2BDD1DEE00A92E00 /* SleepTableViewCell.swift in Sources */ = {isa = PBXBuildFile; fileRef = 90091DFA2BDD1DEE00A92E00 /* SleepTableViewCell.swift */; };
		90091DFD2BE0259300A92E00 /* SleepViewController.swift in Sources */ = {isa = PBXBuildFile; fileRef = 90091DFC2BE0259300A92E00 /* SleepViewController.swift */; };
		90091E002BE132D300A92E00 /* SleepViewModel.swift in Sources */ = {isa = PBXBuildFile; fileRef = 90091DFF2BE132D300A92E00 /* SleepViewModel.swift */; };
		90091E032BE1813700A92E00 /* KidViewController.swift in Sources */ = {isa = PBXBuildFile; fileRef = 90091E022BE1813700A92E00 /* KidViewController.swift */; };
		900AD2F32BE3BBEE0055DE38 /* KidViewModel.swift in Sources */ = {isa = PBXBuildFile; fileRef = 900AD2F22BE3BBEE0055DE38 /* KidViewModel.swift */; };
		9029A6492BDBA26E002864AC /* UIColor+Ex.swift in Sources */ = {isa = PBXBuildFile; fileRef = 9029A6482BDBA26E002864AC /* UIColor+Ex.swift */; };
		9029A64D2BDBB15B002864AC /* Kid.swift in Sources */ = {isa = PBXBuildFile; fileRef = 9029A64C2BDBB15B002864AC /* Kid.swift */; };
		9029A6512BDBB30B002864AC /* Sleep.swift in Sources */ = {isa = PBXBuildFile; fileRef = 9029A6502BDBB30B002864AC /* Sleep.swift */; };
		9064B4002BF0D65900E795E7 /* Text.swift in Sources */ = {isa = PBXBuildFile; fileRef = 9064B3FF2BF0D65900E795E7 /* Text.swift */; };
		9064B4042BF0DE6E00E795E7 /* Layer.swift in Sources */ = {isa = PBXBuildFile; fileRef = 9064B4032BF0DE6E00E795E7 /* Layer.swift */; };
		907316B22BDB950E00BA92FB /* AppDelegate.swift in Sources */ = {isa = PBXBuildFile; fileRef = 907316B12BDB950E00BA92FB /* AppDelegate.swift */; };
		907316B62BDB950E00BA92FB /* KidsListViewController.swift in Sources */ = {isa = PBXBuildFile; fileRef = 907316B52BDB950E00BA92FB /* KidsListViewController.swift */; };
		907316BC2BDB950E00BA92FB /* SleepyKid.xcdatamodeld in Sources */ = {isa = PBXBuildFile; fileRef = 907316BA2BDB950E00BA92FB /* SleepyKid.xcdatamodeld */; };
		907316BE2BDB951100BA92FB /* Assets.xcassets in Resources */ = {isa = PBXBuildFile; fileRef = 907316BD2BDB951100BA92FB /* Assets.xcassets */; };
		907316C12BDB951100BA92FB /* Base in Resources */ = {isa = PBXBuildFile; fileRef = 907316C02BDB951100BA92FB /* Base */; };
		908C5C1D2BF1143200955FDD /* SnapKit in Frameworks */ = {isa = PBXBuildFile; productRef = 908C5C1C2BF1143200955FDD /* SnapKit */; };
		908C5C322BF1487000955FDD /* KidEntity+CoreDataClass.swift in Sources */ = {isa = PBXBuildFile; fileRef = 908C5C2E2BF1487000955FDD /* KidEntity+CoreDataClass.swift */; };
		908C5C332BF1487000955FDD /* KidEntity+CoreDataProperties.swift in Sources */ = {isa = PBXBuildFile; fileRef = 908C5C2F2BF1487000955FDD /* KidEntity+CoreDataProperties.swift */; };
		908C5C342BF1487000955FDD /* SleepEntity+CoreDataClass.swift in Sources */ = {isa = PBXBuildFile; fileRef = 908C5C302BF1487000955FDD /* SleepEntity+CoreDataClass.swift */; };
		908C5C352BF1487000955FDD /* SleepEntity+CoreDataProperties.swift in Sources */ = {isa = PBXBuildFile; fileRef = 908C5C312BF1487000955FDD /* SleepEntity+CoreDataProperties.swift */; };
		90B25CF02BF3F98400A01072 /* SleepPersistent.swift in Sources */ = {isa = PBXBuildFile; fileRef = 90B25CEF2BF3F98400A01072 /* SleepPersistent.swift */; };
		90B801862BEE305B002B08F6 /* DateHelper.swift in Sources */ = {isa = PBXBuildFile; fileRef = 90B801852BEE305B002B08F6 /* DateHelper.swift */; };
		90B801952BEE71EC002B08F6 /* KidPersistent.swift in Sources */ = {isa = PBXBuildFile; fileRef = 90B801942BEE71EC002B08F6 /* KidPersistent.swift */; };
		90EC49FA2BDBD9C600DEBAFF /* User.swift in Sources */ = {isa = PBXBuildFile; fileRef = 90EC49F92BDBD9C600DEBAFF /* User.swift */; };
		90EC4A002BDBE70A00DEBAFF /* SleepsListViewController.swift in Sources */ = {isa = PBXBuildFile; fileRef = 90EC49FF2BDBE70A00DEBAFF /* SleepsListViewController.swift */; };
		90EC4A042BDBEC5F00DEBAFF /* KidTableViewCell.swift in Sources */ = {isa = PBXBuildFile; fileRef = 90EC4A032BDBEC5F00DEBAFF /* KidTableViewCell.swift */; };
		90EC4A062BDC077700DEBAFF /* UIView+Ex.swift in Sources */ = {isa = PBXBuildFile; fileRef = 90EC4A052BDC077700DEBAFF /* UIView+Ex.swift */; };
		90EC4A0B2BDC09C300DEBAFF /* KidsListViewModel.swift in Sources */ = {isa = PBXBuildFile; fileRef = 90EC4A0A2BDC09C300DEBAFF /* KidsListViewModel.swift */; };
/* End PBXBuildFile section */

/* Begin PBXFileReference section */
		90091DF72BDD08EB00A92E00 /* SleepsListViewModel.swift */ = {isa = PBXFileReference; lastKnownFileType = sourcecode.swift; path = SleepsListViewModel.swift; sourceTree = "<group>"; };
		90091DFA2BDD1DEE00A92E00 /* SleepTableViewCell.swift */ = {isa = PBXFileReference; lastKnownFileType = sourcecode.swift; path = SleepTableViewCell.swift; sourceTree = "<group>"; };
		90091DFC2BE0259300A92E00 /* SleepViewController.swift */ = {isa = PBXFileReference; lastKnownFileType = sourcecode.swift; path = SleepViewController.swift; sourceTree = "<group>"; };
		90091DFF2BE132D300A92E00 /* SleepViewModel.swift */ = {isa = PBXFileReference; lastKnownFileType = sourcecode.swift; path = SleepViewModel.swift; sourceTree = "<group>"; };
		90091E022BE1813700A92E00 /* KidViewController.swift */ = {isa = PBXFileReference; lastKnownFileType = sourcecode.swift; path = KidViewController.swift; sourceTree = "<group>"; };
		900AD2F22BE3BBEE0055DE38 /* KidViewModel.swift */ = {isa = PBXFileReference; lastKnownFileType = sourcecode.swift; path = KidViewModel.swift; sourceTree = "<group>"; };
		9029A6482BDBA26E002864AC /* UIColor+Ex.swift */ = {isa = PBXFileReference; lastKnownFileType = sourcecode.swift; path = "UIColor+Ex.swift"; sourceTree = "<group>"; };
		9029A64C2BDBB15B002864AC /* Kid.swift */ = {isa = PBXFileReference; lastKnownFileType = sourcecode.swift; path = Kid.swift; sourceTree = "<group>"; };
		9029A6502BDBB30B002864AC /* Sleep.swift */ = {isa = PBXFileReference; lastKnownFileType = sourcecode.swift; path = Sleep.swift; sourceTree = "<group>"; };
		9064B3FF2BF0D65900E795E7 /* Text.swift */ = {isa = PBXFileReference; lastKnownFileType = sourcecode.swift; path = Text.swift; sourceTree = "<group>"; };
		9064B4032BF0DE6E00E795E7 /* Layer.swift */ = {isa = PBXFileReference; lastKnownFileType = sourcecode.swift; path = Layer.swift; sourceTree = "<group>"; };
		907316AE2BDB950E00BA92FB /* SleepyKid.app */ = {isa = PBXFileReference; explicitFileType = wrapper.application; includeInIndex = 0; path = SleepyKid.app; sourceTree = BUILT_PRODUCTS_DIR; };
		907316B12BDB950E00BA92FB /* AppDelegate.swift */ = {isa = PBXFileReference; lastKnownFileType = sourcecode.swift; path = AppDelegate.swift; sourceTree = "<group>"; };
		907316B52BDB950E00BA92FB /* KidsListViewController.swift */ = {isa = PBXFileReference; lastKnownFileType = sourcecode.swift; path = KidsListViewController.swift; sourceTree = "<group>"; };
		907316BB2BDB950E00BA92FB /* SleepyKid.xcdatamodel */ = {isa = PBXFileReference; explicitFileType = wrapper.xcdatamodel; path = SleepyKid.xcdatamodel; sourceTree = "<group>"; };
		907316BD2BDB951100BA92FB /* Assets.xcassets */ = {isa = PBXFileReference; lastKnownFileType = folder.assetcatalog; path = Assets.xcassets; sourceTree = "<group>"; };
		907316C02BDB951100BA92FB /* Base */ = {isa = PBXFileReference; lastKnownFileType = file.storyboard; name = Base; path = Base.lproj/LaunchScreen.storyboard; sourceTree = "<group>"; };
		907316C22BDB951100BA92FB /* Info.plist */ = {isa = PBXFileReference; lastKnownFileType = text.plist.xml; path = Info.plist; sourceTree = "<group>"; };
		908C5C2E2BF1487000955FDD /* KidEntity+CoreDataClass.swift */ = {isa = PBXFileReference; lastKnownFileType = sourcecode.swift; path = "KidEntity+CoreDataClass.swift"; sourceTree = "<group>"; };
		908C5C2F2BF1487000955FDD /* KidEntity+CoreDataProperties.swift */ = {isa = PBXFileReference; lastKnownFileType = sourcecode.swift; path = "KidEntity+CoreDataProperties.swift"; sourceTree = "<group>"; };
		908C5C302BF1487000955FDD /* SleepEntity+CoreDataClass.swift */ = {isa = PBXFileReference; lastKnownFileType = sourcecode.swift; path = "SleepEntity+CoreDataClass.swift"; sourceTree = "<group>"; };
		908C5C312BF1487000955FDD /* SleepEntity+CoreDataProperties.swift */ = {isa = PBXFileReference; lastKnownFileType = sourcecode.swift; path = "SleepEntity+CoreDataProperties.swift"; sourceTree = "<group>"; };
		90B25CEF2BF3F98400A01072 /* SleepPersistent.swift */ = {isa = PBXFileReference; lastKnownFileType = sourcecode.swift; path = SleepPersistent.swift; sourceTree = "<group>"; };
		90B801852BEE305B002B08F6 /* DateHelper.swift */ = {isa = PBXFileReference; lastKnownFileType = sourcecode.swift; path = DateHelper.swift; sourceTree = "<group>"; };
		90B801942BEE71EC002B08F6 /* KidPersistent.swift */ = {isa = PBXFileReference; lastKnownFileType = sourcecode.swift; path = KidPersistent.swift; sourceTree = "<group>"; };
		90EC49F92BDBD9C600DEBAFF /* User.swift */ = {isa = PBXFileReference; lastKnownFileType = sourcecode.swift; path = User.swift; sourceTree = "<group>"; };
		90EC49FF2BDBE70A00DEBAFF /* SleepsListViewController.swift */ = {isa = PBXFileReference; lastKnownFileType = sourcecode.swift; path = SleepsListViewController.swift; sourceTree = "<group>"; };
		90EC4A032BDBEC5F00DEBAFF /* KidTableViewCell.swift */ = {isa = PBXFileReference; lastKnownFileType = sourcecode.swift; path = KidTableViewCell.swift; sourceTree = "<group>"; };
		90EC4A052BDC077700DEBAFF /* UIView+Ex.swift */ = {isa = PBXFileReference; lastKnownFileType = sourcecode.swift; path = "UIView+Ex.swift"; sourceTree = "<group>"; };
		90EC4A0A2BDC09C300DEBAFF /* KidsListViewModel.swift */ = {isa = PBXFileReference; lastKnownFileType = sourcecode.swift; path = KidsListViewModel.swift; sourceTree = "<group>"; };
/* End PBXFileReference section */

/* Begin PBXFrameworksBuildPhase section */
		907316AB2BDB950E00BA92FB /* Frameworks */ = {
			isa = PBXFrameworksBuildPhase;
			buildActionMask = 2147483647;
			files = (
				908C5C1D2BF1143200955FDD /* SnapKit in Frameworks */,
			);
			runOnlyForDeploymentPostprocessing = 0;
		};
/* End PBXFrameworksBuildPhase section */

/* Begin PBXGroup section */
		90091DF92BDD08F100A92E00 /* ViewModel */ = {
			isa = PBXGroup;
			children = (
				90091DF72BDD08EB00A92E00 /* SleepsListViewModel.swift */,
			);
			path = ViewModel;
			sourceTree = "<group>";
		};
		90091DFE2BE0259B00A92E00 /* View */ = {
			isa = PBXGroup;
			children = (
				90091DFC2BE0259300A92E00 /* SleepViewController.swift */,
			);
			path = View;
			sourceTree = "<group>";
		};
		90091E012BE1330400A92E00 /* ViewModel */ = {
			isa = PBXGroup;
			children = (
				90091DFF2BE132D300A92E00 /* SleepViewModel.swift */,
			);
			path = ViewModel;
			sourceTree = "<group>";
		};
		90091E042BE1819600A92E00 /* View */ = {
			isa = PBXGroup;
			children = (
				90091E022BE1813700A92E00 /* KidViewController.swift */,
			);
			path = View;
			sourceTree = "<group>";
		};
		900AD2F42BE3BCC50055DE38 /* ViewModel */ = {
			isa = PBXGroup;
			children = (
				900AD2F22BE3BBEE0055DE38 /* KidViewModel.swift */,
			);
			path = ViewModel;
			sourceTree = "<group>";
		};
		9029A6472BDBA22F002864AC /* Extentions */ = {
			isa = PBXGroup;
			children = (
				9029A6482BDBA26E002864AC /* UIColor+Ex.swift */,
				90EC4A052BDC077700DEBAFF /* UIView+Ex.swift */,
			);
			path = Extentions;
			sourceTree = "<group>";
		};
		9029A64A2BDBABD6002864AC /* KidsList */ = {
			isa = PBXGroup;
			children = (
				9029A64B2BDBABFF002864AC /* View */,
				90EC4A0C2BDC09F800DEBAFF /* ViewModel */,
			);
			path = KidsList;
			sourceTree = "<group>";
		};
		9029A64B2BDBABFF002864AC /* View */ = {
			isa = PBXGroup;
			children = (
				907316B52BDB950E00BA92FB /* KidsListViewController.swift */,
				90EC4A032BDBEC5F00DEBAFF /* KidTableViewCell.swift */,
			);
			path = View;
			sourceTree = "<group>";
		};
		9029A64E2BDBB161002864AC /* Kid */ = {
			isa = PBXGroup;
			children = (
				9029A64F2BDBB16B002864AC /* Model */,
				90091E042BE1819600A92E00 /* View */,
				900AD2F42BE3BCC50055DE38 /* ViewModel */,
			);
			path = Kid;
			sourceTree = "<group>";
		};
		9029A64F2BDBB16B002864AC /* Model */ = {
			isa = PBXGroup;
			children = (
				9029A64C2BDBB15B002864AC /* Kid.swift */,
			);
			path = Model;
			sourceTree = "<group>";
		};
		9029A6522BDBB30F002864AC /* Sleep */ = {
			isa = PBXGroup;
			children = (
				9029A6532BDBB319002864AC /* Model */,
				90091DFE2BE0259B00A92E00 /* View */,
				90091E012BE1330400A92E00 /* ViewModel */,
			);
			path = Sleep;
			sourceTree = "<group>";
		};
		9029A6532BDBB319002864AC /* Model */ = {
			isa = PBXGroup;
			children = (
				9029A6502BDBB30B002864AC /* Sleep.swift */,
			);
			path = Model;
			sourceTree = "<group>";
		};
		9064B4012BF0D66B00E795E7 /* Constants */ = {
			isa = PBXGroup;
			children = (
				9064B3FF2BF0D65900E795E7 /* Text.swift */,
				9064B4032BF0DE6E00E795E7 /* Layer.swift */,
			);
			path = Constants;
			sourceTree = "<group>";
		};
		9064B4022BF0D6F200E795E7 /* Helpers */ = {
			isa = PBXGroup;
			children = (
				90B801852BEE305B002B08F6 /* DateHelper.swift */,
			);
			path = Helpers;
			sourceTree = "<group>";
		};
		907316A52BDB950E00BA92FB = {
			isa = PBXGroup;
			children = (
				907316B02BDB950E00BA92FB /* SleepyKid */,
				907316AF2BDB950E00BA92FB /* Products */,
			);
			sourceTree = "<group>";
		};
		907316AF2BDB950E00BA92FB /* Products */ = {
			isa = PBXGroup;
			children = (
				907316AE2BDB950E00BA92FB /* SleepyKid.app */,
			);
			name = Products;
			sourceTree = "<group>";
		};
		907316B02BDB950E00BA92FB /* SleepyKid */ = {
			isa = PBXGroup;
			children = (
				907316B12BDB950E00BA92FB /* AppDelegate.swift */,
				90B801942BEE71EC002B08F6 /* KidPersistent.swift */,
				90B25CEF2BF3F98400A01072 /* SleepPersistent.swift */,
				90EC49FB2BDBDA2C00DEBAFF /* User */,
				9029A64E2BDBB161002864AC /* Kid */,
				9029A6522BDBB30F002864AC /* Sleep */,
				9029A64A2BDBABD6002864AC /* KidsList */,
				90EC4A012BDBE71000DEBAFF /* SleepsList */,
				9064B4022BF0D6F200E795E7 /* Helpers */,
				9064B4012BF0D66B00E795E7 /* Constants */,
				9029A6472BDBA22F002864AC /* Extentions */,
				907316BD2BDB951100BA92FB /* Assets.xcassets */,
				907316BF2BDB951100BA92FB /* LaunchScreen.storyboard */,
				907316C22BDB951100BA92FB /* Info.plist */,
				90B801872BEE4504002B08F6 /* CoreData */,
			);
			path = SleepyKid;
			sourceTree = "<group>";
		};
		90B801872BEE4504002B08F6 /* CoreData */ = {
			isa = PBXGroup;
			children = (
				908C5C2E2BF1487000955FDD /* KidEntity+CoreDataClass.swift */,
				908C5C2F2BF1487000955FDD /* KidEntity+CoreDataProperties.swift */,
				908C5C302BF1487000955FDD /* SleepEntity+CoreDataClass.swift */,
				908C5C312BF1487000955FDD /* SleepEntity+CoreDataProperties.swift */,
				907316BA2BDB950E00BA92FB /* SleepyKid.xcdatamodeld */,
			);
			path = CoreData;
			sourceTree = "<group>";
		};
		90EC49FB2BDBDA2C00DEBAFF /* User */ = {
			isa = PBXGroup;
			children = (
				90EC49FC2BDBDA4400DEBAFF /* Model */,
			);
			path = User;
			sourceTree = "<group>";
		};
		90EC49FC2BDBDA4400DEBAFF /* Model */ = {
			isa = PBXGroup;
			children = (
				90EC49F92BDBD9C600DEBAFF /* User.swift */,
			);
			path = Model;
			sourceTree = "<group>";
		};
		90EC4A012BDBE71000DEBAFF /* SleepsList */ = {
			isa = PBXGroup;
			children = (
				90EC4A022BDBE71900DEBAFF /* View */,
				90091DF92BDD08F100A92E00 /* ViewModel */,
			);
			path = SleepsList;
			sourceTree = "<group>";
		};
		90EC4A022BDBE71900DEBAFF /* View */ = {
			isa = PBXGroup;
			children = (
				90EC49FF2BDBE70A00DEBAFF /* SleepsListViewController.swift */,
				90091DFA2BDD1DEE00A92E00 /* SleepTableViewCell.swift */,
			);
			path = View;
			sourceTree = "<group>";
		};
		90EC4A0C2BDC09F800DEBAFF /* ViewModel */ = {
			isa = PBXGroup;
			children = (
				90EC4A0A2BDC09C300DEBAFF /* KidsListViewModel.swift */,
			);
			path = ViewModel;
			sourceTree = "<group>";
		};
/* End PBXGroup section */

/* Begin PBXNativeTarget section */
		907316AD2BDB950E00BA92FB /* SleepyKid */ = {
			isa = PBXNativeTarget;
			buildConfigurationList = 907316C52BDB951100BA92FB /* Build configuration list for PBXNativeTarget "SleepyKid" */;
			buildPhases = (
				907316AA2BDB950E00BA92FB /* Sources */,
				907316AB2BDB950E00BA92FB /* Frameworks */,
				907316AC2BDB950E00BA92FB /* Resources */,
			);
			buildRules = (
			);
			dependencies = (
			);
			name = SleepyKid;
			packageProductDependencies = (
				908C5C1C2BF1143200955FDD /* SnapKit */,
			);
			productName = SleepyKid;
			productReference = 907316AE2BDB950E00BA92FB /* SleepyKid.app */;
			productType = "com.apple.product-type.application";
		};
/* End PBXNativeTarget section */

/* Begin PBXProject section */
		907316A62BDB950E00BA92FB /* Project object */ = {
			isa = PBXProject;
			attributes = {
				BuildIndependentTargetsInParallel = 1;
				LastSwiftUpdateCheck = 1530;
				LastUpgradeCheck = 1530;
				TargetAttributes = {
					907316AD2BDB950E00BA92FB = {
						CreatedOnToolsVersion = 15.3;
					};
				};
			};
			buildConfigurationList = 907316A92BDB950E00BA92FB /* Build configuration list for PBXProject "SleepyKid" */;
			compatibilityVersion = "Xcode 14.0";
			developmentRegion = en;
			hasScannedForEncodings = 0;
			knownRegions = (
				en,
				Base,
			);
			mainGroup = 907316A52BDB950E00BA92FB;
			packageReferences = (
				908C5C1B2BF1143200955FDD /* XCRemoteSwiftPackageReference "SnapKit" */,
			);
			productRefGroup = 907316AF2BDB950E00BA92FB /* Products */;
			projectDirPath = "";
			projectRoot = "";
			targets = (
				907316AD2BDB950E00BA92FB /* SleepyKid */,
			);
		};
/* End PBXProject section */

/* Begin PBXResourcesBuildPhase section */
		907316AC2BDB950E00BA92FB /* Resources */ = {
			isa = PBXResourcesBuildPhase;
			buildActionMask = 2147483647;
			files = (
				907316BE2BDB951100BA92FB /* Assets.xcassets in Resources */,
				907316C12BDB951100BA92FB /* Base in Resources */,
			);
			runOnlyForDeploymentPostprocessing = 0;
		};
/* End PBXResourcesBuildPhase section */

/* Begin PBXSourcesBuildPhase section */
		907316AA2BDB950E00BA92FB /* Sources */ = {
			isa = PBXSourcesBuildPhase;
			buildActionMask = 2147483647;
			files = (
				9029A6492BDBA26E002864AC /* UIColor+Ex.swift in Sources */,
				90B801952BEE71EC002B08F6 /* KidPersistent.swift in Sources */,
				90EC4A062BDC077700DEBAFF /* UIView+Ex.swift in Sources */,
				90091DFD2BE0259300A92E00 /* SleepViewController.swift in Sources */,
				9029A64D2BDBB15B002864AC /* Kid.swift in Sources */,
				90B801862BEE305B002B08F6 /* DateHelper.swift in Sources */,
				90091DFB2BDD1DEE00A92E00 /* SleepTableViewCell.swift in Sources */,
				907316BC2BDB950E00BA92FB /* SleepyKid.xcdatamodeld in Sources */,
				90B25CF02BF3F98400A01072 /* SleepPersistent.swift in Sources */,
				9064B4042BF0DE6E00E795E7 /* Layer.swift in Sources */,
				90091DF82BDD08EB00A92E00 /* SleepsListViewModel.swift in Sources */,
				9064B4002BF0D65900E795E7 /* Text.swift in Sources */,
				90EC4A0B2BDC09C300DEBAFF /* KidsListViewModel.swift in Sources */,
				900AD2F32BE3BBEE0055DE38 /* KidViewModel.swift in Sources */,
				907316B62BDB950E00BA92FB /* KidsListViewController.swift in Sources */,
				90091E032BE1813700A92E00 /* KidViewController.swift in Sources */,
				90EC4A002BDBE70A00DEBAFF /* SleepsListViewController.swift in Sources */,
				907316B22BDB950E00BA92FB /* AppDelegate.swift in Sources */,
				9029A6512BDBB30B002864AC /* Sleep.swift in Sources */,
				90091E002BE132D300A92E00 /* SleepViewModel.swift in Sources */,
				90EC4A042BDBEC5F00DEBAFF /* KidTableViewCell.swift in Sources */,
				908C5C322BF1487000955FDD /* KidEntity+CoreDataClass.swift in Sources */,
				908C5C332BF1487000955FDD /* KidEntity+CoreDataProperties.swift in Sources */,
				908C5C342BF1487000955FDD /* SleepEntity+CoreDataClass.swift in Sources */,
				908C5C352BF1487000955FDD /* SleepEntity+CoreDataProperties.swift in Sources */,
				90EC49FA2BDBD9C600DEBAFF /* User.swift in Sources */,
			);
			runOnlyForDeploymentPostprocessing = 0;
		};
/* End PBXSourcesBuildPhase section */

/* Begin PBXVariantGroup section */
		907316BF2BDB951100BA92FB /* LaunchScreen.storyboard */ = {
			isa = PBXVariantGroup;
			children = (
				907316C02BDB951100BA92FB /* Base */,
			);
			name = LaunchScreen.storyboard;
			sourceTree = "<group>";
		};
/* End PBXVariantGroup section */

/* Begin XCBuildConfiguration section */
		907316C32BDB951100BA92FB /* Debug */ = {
			isa = XCBuildConfiguration;
			buildSettings = {
				ALWAYS_SEARCH_USER_PATHS = NO;
				ASSETCATALOG_COMPILER_GENERATE_SWIFT_ASSET_SYMBOL_EXTENSIONS = YES;
				CLANG_ANALYZER_NONNULL = YES;
				CLANG_ANALYZER_NUMBER_OBJECT_CONVERSION = YES_AGGRESSIVE;
				CLANG_CXX_LANGUAGE_STANDARD = "gnu++20";
				CLANG_ENABLE_MODULES = YES;
				CLANG_ENABLE_OBJC_ARC = YES;
				CLANG_ENABLE_OBJC_WEAK = YES;
				CLANG_WARN_BLOCK_CAPTURE_AUTORELEASING = YES;
				CLANG_WARN_BOOL_CONVERSION = YES;
				CLANG_WARN_COMMA = YES;
				CLANG_WARN_CONSTANT_CONVERSION = YES;
				CLANG_WARN_DEPRECATED_OBJC_IMPLEMENTATIONS = YES;
				CLANG_WARN_DIRECT_OBJC_ISA_USAGE = YES_ERROR;
				CLANG_WARN_DOCUMENTATION_COMMENTS = YES;
				CLANG_WARN_EMPTY_BODY = YES;
				CLANG_WARN_ENUM_CONVERSION = YES;
				CLANG_WARN_INFINITE_RECURSION = YES;
				CLANG_WARN_INT_CONVERSION = YES;
				CLANG_WARN_NON_LITERAL_NULL_CONVERSION = YES;
				CLANG_WARN_OBJC_IMPLICIT_RETAIN_SELF = YES;
				CLANG_WARN_OBJC_LITERAL_CONVERSION = YES;
				CLANG_WARN_OBJC_ROOT_CLASS = YES_ERROR;
				CLANG_WARN_QUOTED_INCLUDE_IN_FRAMEWORK_HEADER = YES;
				CLANG_WARN_RANGE_LOOP_ANALYSIS = YES;
				CLANG_WARN_STRICT_PROTOTYPES = YES;
				CLANG_WARN_SUSPICIOUS_MOVE = YES;
				CLANG_WARN_UNGUARDED_AVAILABILITY = YES_AGGRESSIVE;
				CLANG_WARN_UNREACHABLE_CODE = YES;
				CLANG_WARN__DUPLICATE_METHOD_MATCH = YES;
				COPY_PHASE_STRIP = NO;
				DEBUG_INFORMATION_FORMAT = dwarf;
				ENABLE_STRICT_OBJC_MSGSEND = YES;
				ENABLE_TESTABILITY = YES;
				ENABLE_USER_SCRIPT_SANDBOXING = YES;
				GCC_C_LANGUAGE_STANDARD = gnu17;
				GCC_DYNAMIC_NO_PIC = NO;
				GCC_NO_COMMON_BLOCKS = YES;
				GCC_OPTIMIZATION_LEVEL = 0;
				GCC_PREPROCESSOR_DEFINITIONS = (
					"DEBUG=1",
					"$(inherited)",
				);
				GCC_WARN_64_TO_32_BIT_CONVERSION = YES;
				GCC_WARN_ABOUT_RETURN_TYPE = YES_ERROR;
				GCC_WARN_UNDECLARED_SELECTOR = YES;
				GCC_WARN_UNINITIALIZED_AUTOS = YES_AGGRESSIVE;
				GCC_WARN_UNUSED_FUNCTION = YES;
				GCC_WARN_UNUSED_VARIABLE = YES;
				IPHONEOS_DEPLOYMENT_TARGET = 17.4;
				LOCALIZATION_PREFERS_STRING_CATALOGS = YES;
				MTL_ENABLE_DEBUG_INFO = INCLUDE_SOURCE;
				MTL_FAST_MATH = YES;
				ONLY_ACTIVE_ARCH = YES;
				SDKROOT = iphoneos;
				SWIFT_ACTIVE_COMPILATION_CONDITIONS = "DEBUG $(inherited)";
				SWIFT_OPTIMIZATION_LEVEL = "-Onone";
			};
			name = Debug;
		};
		907316C42BDB951100BA92FB /* Release */ = {
			isa = XCBuildConfiguration;
			buildSettings = {
				ALWAYS_SEARCH_USER_PATHS = NO;
				ASSETCATALOG_COMPILER_GENERATE_SWIFT_ASSET_SYMBOL_EXTENSIONS = YES;
				CLANG_ANALYZER_NONNULL = YES;
				CLANG_ANALYZER_NUMBER_OBJECT_CONVERSION = YES_AGGRESSIVE;
				CLANG_CXX_LANGUAGE_STANDARD = "gnu++20";
				CLANG_ENABLE_MODULES = YES;
				CLANG_ENABLE_OBJC_ARC = YES;
				CLANG_ENABLE_OBJC_WEAK = YES;
				CLANG_WARN_BLOCK_CAPTURE_AUTORELEASING = YES;
				CLANG_WARN_BOOL_CONVERSION = YES;
				CLANG_WARN_COMMA = YES;
				CLANG_WARN_CONSTANT_CONVERSION = YES;
				CLANG_WARN_DEPRECATED_OBJC_IMPLEMENTATIONS = YES;
				CLANG_WARN_DIRECT_OBJC_ISA_USAGE = YES_ERROR;
				CLANG_WARN_DOCUMENTATION_COMMENTS = YES;
				CLANG_WARN_EMPTY_BODY = YES;
				CLANG_WARN_ENUM_CONVERSION = YES;
				CLANG_WARN_INFINITE_RECURSION = YES;
				CLANG_WARN_INT_CONVERSION = YES;
				CLANG_WARN_NON_LITERAL_NULL_CONVERSION = YES;
				CLANG_WARN_OBJC_IMPLICIT_RETAIN_SELF = YES;
				CLANG_WARN_OBJC_LITERAL_CONVERSION = YES;
				CLANG_WARN_OBJC_ROOT_CLASS = YES_ERROR;
				CLANG_WARN_QUOTED_INCLUDE_IN_FRAMEWORK_HEADER = YES;
				CLANG_WARN_RANGE_LOOP_ANALYSIS = YES;
				CLANG_WARN_STRICT_PROTOTYPES = YES;
				CLANG_WARN_SUSPICIOUS_MOVE = YES;
				CLANG_WARN_UNGUARDED_AVAILABILITY = YES_AGGRESSIVE;
				CLANG_WARN_UNREACHABLE_CODE = YES;
				CLANG_WARN__DUPLICATE_METHOD_MATCH = YES;
				COPY_PHASE_STRIP = NO;
				DEBUG_INFORMATION_FORMAT = "dwarf-with-dsym";
				ENABLE_NS_ASSERTIONS = NO;
				ENABLE_STRICT_OBJC_MSGSEND = YES;
				ENABLE_USER_SCRIPT_SANDBOXING = YES;
				GCC_C_LANGUAGE_STANDARD = gnu17;
				GCC_NO_COMMON_BLOCKS = YES;
				GCC_WARN_64_TO_32_BIT_CONVERSION = YES;
				GCC_WARN_ABOUT_RETURN_TYPE = YES_ERROR;
				GCC_WARN_UNDECLARED_SELECTOR = YES;
				GCC_WARN_UNINITIALIZED_AUTOS = YES_AGGRESSIVE;
				GCC_WARN_UNUSED_FUNCTION = YES;
				GCC_WARN_UNUSED_VARIABLE = YES;
				IPHONEOS_DEPLOYMENT_TARGET = 17.4;
				LOCALIZATION_PREFERS_STRING_CATALOGS = YES;
				MTL_ENABLE_DEBUG_INFO = NO;
				MTL_FAST_MATH = YES;
				SDKROOT = iphoneos;
				SWIFT_COMPILATION_MODE = wholemodule;
				VALIDATE_PRODUCT = YES;
			};
			name = Release;
		};
		907316C62BDB951100BA92FB /* Debug */ = {
			isa = XCBuildConfiguration;
			buildSettings = {
				ASSETCATALOG_COMPILER_APPICON_NAME = AppIcon;
				ASSETCATALOG_COMPILER_GLOBAL_ACCENT_COLOR_NAME = AccentColor;
				CODE_SIGN_STYLE = Automatic;
				CURRENT_PROJECT_VERSION = 1;
				DEVELOPMENT_TEAM = 45NT77WBF8;
				GENERATE_INFOPLIST_FILE = YES;
				IBSC_FLATTEN_NIBS = YES;
				INFOPLIST_FILE = SleepyKid/Info.plist;
				INFOPLIST_KEY_UIApplicationSupportsIndirectInputEvents = YES;
				INFOPLIST_KEY_UILaunchStoryboardName = LaunchScreen;
				INFOPLIST_KEY_UISupportedInterfaceOrientations = UIInterfaceOrientationPortrait;
				INFOPLIST_KEY_UISupportedInterfaceOrientations_iPad = "UIInterfaceOrientationLandscapeLeft UIInterfaceOrientationLandscapeRight UIInterfaceOrientationPortrait UIInterfaceOrientationPortraitUpsideDown";
				LD_RUNPATH_SEARCH_PATHS = (
					"$(inherited)",
					"@executable_path/Frameworks",
				);
				MARKETING_VERSION = 1.0;
				PRODUCT_BUNDLE_IDENTIFIER = com.FamilyStudio.SleepyKid;
				PRODUCT_NAME = "$(TARGET_NAME)";
				SUPPORTED_PLATFORMS = "iphoneos iphonesimulator";
				SUPPORTS_MACCATALYST = NO;
				SUPPORTS_MAC_DESIGNED_FOR_IPHONE_IPAD = NO;
				SUPPORTS_XR_DESIGNED_FOR_IPHONE_IPAD = NO;
				SWIFT_EMIT_LOC_STRINGS = YES;
				SWIFT_VERSION = 5.0;
				TARGETED_DEVICE_FAMILY = 1;
			};
			name = Debug;
		};
		907316C72BDB951100BA92FB /* Release */ = {
			isa = XCBuildConfiguration;
			buildSettings = {
				ASSETCATALOG_COMPILER_APPICON_NAME = AppIcon;
				ASSETCATALOG_COMPILER_GLOBAL_ACCENT_COLOR_NAME = AccentColor;
				CODE_SIGN_STYLE = Automatic;
				CURRENT_PROJECT_VERSION = 1;
				DEVELOPMENT_TEAM = 45NT77WBF8;
				GENERATE_INFOPLIST_FILE = YES;
				IBSC_FLATTEN_NIBS = YES;
				INFOPLIST_FILE = SleepyKid/Info.plist;
				INFOPLIST_KEY_UIApplicationSupportsIndirectInputEvents = YES;
				INFOPLIST_KEY_UILaunchStoryboardName = LaunchScreen;
				INFOPLIST_KEY_UISupportedInterfaceOrientations = UIInterfaceOrientationPortrait;
				INFOPLIST_KEY_UISupportedInterfaceOrientations_iPad = "UIInterfaceOrientationLandscapeLeft UIInterfaceOrientationLandscapeRight UIInterfaceOrientationPortrait UIInterfaceOrientationPortraitUpsideDown";
				LD_RUNPATH_SEARCH_PATHS = (
					"$(inherited)",
					"@executable_path/Frameworks",
				);
				MARKETING_VERSION = 1.0;
				PRODUCT_BUNDLE_IDENTIFIER = com.FamilyStudio.SleepyKid;
				PRODUCT_NAME = "$(TARGET_NAME)";
				SUPPORTED_PLATFORMS = "iphoneos iphonesimulator";
				SUPPORTS_MACCATALYST = NO;
				SUPPORTS_MAC_DESIGNED_FOR_IPHONE_IPAD = NO;
				SUPPORTS_XR_DESIGNED_FOR_IPHONE_IPAD = NO;
				SWIFT_EMIT_LOC_STRINGS = YES;
				SWIFT_VERSION = 5.0;
				TARGETED_DEVICE_FAMILY = 1;
			};
			name = Release;
		};
/* End XCBuildConfiguration section */

/* Begin XCConfigurationList section */
		907316A92BDB950E00BA92FB /* Build configuration list for PBXProject "SleepyKid" */ = {
			isa = XCConfigurationList;
			buildConfigurations = (
				907316C32BDB951100BA92FB /* Debug */,
				907316C42BDB951100BA92FB /* Release */,
			);
			defaultConfigurationIsVisible = 0;
			defaultConfigurationName = Release;
		};
		907316C52BDB951100BA92FB /* Build configuration list for PBXNativeTarget "SleepyKid" */ = {
			isa = XCConfigurationList;
			buildConfigurations = (
				907316C62BDB951100BA92FB /* Debug */,
				907316C72BDB951100BA92FB /* Release */,
			);
			defaultConfigurationIsVisible = 0;
			defaultConfigurationName = Release;
		};
/* End XCConfigurationList section */

/* Begin XCRemoteSwiftPackageReference section */
		908C5C1B2BF1143200955FDD /* XCRemoteSwiftPackageReference "SnapKit" */ = {
			isa = XCRemoteSwiftPackageReference;
			repositoryURL = "https://github.com/SnapKit/SnapKit.git";
			requirement = {
				kind = upToNextMajorVersion;
				minimumVersion = 5.7.1;
			};
		};
/* End XCRemoteSwiftPackageReference section */

/* Begin XCSwiftPackageProductDependency section */
		908C5C1C2BF1143200955FDD /* SnapKit */ = {
			isa = XCSwiftPackageProductDependency;
			package = 908C5C1B2BF1143200955FDD /* XCRemoteSwiftPackageReference "SnapKit" */;
			productName = SnapKit;
		};
/* End XCSwiftPackageProductDependency section */

/* Begin XCVersionGroup section */
		907316BA2BDB950E00BA92FB /* SleepyKid.xcdatamodeld */ = {
			isa = XCVersionGroup;
			children = (
				907316BB2BDB950E00BA92FB /* SleepyKid.xcdatamodel */,
			);
			currentVersion = 907316BB2BDB950E00BA92FB /* SleepyKid.xcdatamodel */;
			path = SleepyKid.xcdatamodeld;
			sourceTree = "<group>";
			versionGroupType = wrapper.xcdatamodel;
		};
/* End XCVersionGroup section */
	};
	rootObject = 907316A62BDB950E00BA92FB /* Project object */;
}
